
Microsoft Visual Studio Solution File, Format Version 12.00
# Visual Studio Version 17
VisualStudioVersion = 17.9.34616.47
MinimumVisualStudioVersion = 10.0.40219.1
Project("{FAE04EC0-301F-11D3-BF4B-00C04F79EFBC}") = "APICatalogo", "APICatalogo\APICatalogo.csproj", "{9AF361C9-1CC8-4CE6-991F-247EA062B21D}"
EndProject
Global
	GlobalSection(SolutionConfigurationPlatforms) = preSolution
		Debug|Any CPU = Debug|Any CPU
		Release|Any CPU = Release|Any CPU
	EndGlobalSection
	GlobalSection(ProjectConfigurationPlatforms) = postSolution
		{9AF361C9-1CC8-4CE6-991F-247EA062B21D}.Debug|Any CPU.ActiveCfg = Debug|Any CPU
		{9AF361C9-1CC8-4CE6-991F-247EA062B21D}.Debug|Any CPU.Build.0 = Debug|Any CPU
		{9AF361C9-1CC8-4CE6-991F-247EA062B21D}.Release|Any CPU.ActiveCfg = Release|Any CPU
		{9AF361C9-1CC8-4CE6-991F-247EA062B21D}.Release|Any CPU.Build.0 = Release|Any CPU
	EndGlobalSection
	GlobalSection(SolutionProperties) = preSolution
		HideSolutionNode = FALSE
	EndGlobalSection
	GlobalSection(ExtensibilityGlobals) = postSolution
		SolutionGuid = {2B2871BD-FA37-46A1-98F3-729F05889163}
	EndGlobalSection
EndGlobal
